
Microsoft Visual Studio Solution File, Format Version 12.00
# Visual Studio Version 17
VisualStudioVersion = 17.11.35312.102
MinimumVisualStudioVersion = 10.0.40219.1
Project("{9A19103F-16F7-4668-BE54-9A1E7A4F7556}") = "WebIdentityApi", "WebIdentityApi\WebIdentityApi.csproj", "{55E82549-6875-4DE9-8ACF-830CBEE5D2F2}"
EndProject
Global
	GlobalSection(SolutionConfigurationPlatforms) = preSolution
		Debug|Any CPU = Debug|Any CPU
		Release|Any CPU = Release|Any CPU
	EndGlobalSection
	GlobalSection(ProjectConfigurationPlatforms) = postSolution
		{55E82549-6875-4DE9-8ACF-830CBEE5D2F2}.Debug|Any CPU.ActiveCfg = Debug|Any CPU
		{55E82549-6875-4DE9-8ACF-830CBEE5D2F2}.Debug|Any CPU.Build.0 = Debug|Any CPU
		{55E82549-6875-4DE9-8ACF-830CBEE5D2F2}.Release|Any CPU.ActiveCfg = Release|Any CPU
		{55E82549-6875-4DE9-8ACF-830CBEE5D2F2}.Release|Any CPU.Build.0 = Release|Any CPU
	EndGlobalSection
	GlobalSection(SolutionProperties) = preSolution
		HideSolutionNode = FALSE
	EndGlobalSection
	GlobalSection(ExtensibilityGlobals) = postSolution
		SolutionGuid = {2601FC22-CA25-46FC-9540-7CBAD4C9016F}
	EndGlobalSection
EndGlobal
